<?xml version="1.0" encoding="utf-8"?>
<Project ToolsVersion="4.0" xmlns="http://schemas.microsoft.com/developer/msbuild/2003">
  <ItemGroup>
    <Filter Include="Source Files">
      <UniqueIdentifier>{4FC737F1-C7A5-4376-A066-2A32D752A2FF}</UniqueIdentifier>
      <Extensions>cpp;c;cc;cxx;c++;cppm;ixx;def;odl;idl;hpj;bat;asm;asmx</Extensions>
    </Filter>
    <Filter Include="Header Files">
      <UniqueIdentifier>{93995380-89BD-4b04-88EB-625FBE52EBFB}</UniqueIdentifier>
      <Extensions>h;hh;hpp;hxx;h++;hm;inl;inc;ipp;xsd</Extensions>
    </Filter>
    <Filter Include="Resource Files">
      <UniqueIdentifier>{67DA6AB6-F800-4c08-8B7A-83BB121AAD01}</UniqueIdentifier>
      <Extensions>rc;ico;cur;bmp;dlg;rc2;rct;bin;rgs;gif;jpg;jpeg;jpe;resx;tiff;tif;png;wav;mfcribbon-ms</Extensions>
    </Filter>
  </ItemGroup>
  <ItemGroup>
    <ClCompile Include="Leetcode.cpp">
      <Filter>Source Files</Filter>
    </ClCompile>
    <ClCompile Include="Solution203.h">
      <Filter>Header Files</Filter>
    </ClCompile>
    <ClCompile Include="Solution135.h">
      <Filter>Header Files</Filter>
    </ClCompile>
    <ClCompile Include="Solution188.h">
      <Filter>Header Files</Filter>
    </ClCompile>
    <ClCompile Include="Solution496.h">
      <Filter>Header Files</Filter>
    </ClCompile>
  </ItemGroup>
  <ItemGroup>
    <ClInclude Include="Solution704.h">
      <Filter>Header Files</Filter>
    </ClInclude>
    <ClInclude Include="Solution27.h">
      <Filter>Header Files</Filter>
    </ClInclude>
    <ClInclude Include="Solution977.h">
      <Filter>Header Files</Filter>
    </ClInclude>
    <ClInclude Include="Solution209.h">
      <Filter>Header Files</Filter>
    </ClInclude>
    <ClInclude Include="Solution59.h">
      <Filter>Header Files</Filter>
    </ClInclude>
    <ClInclude Include="Solution707.h">
      <Filter>Header Files</Filter>
    </ClInclude>
    <ClInclude Include="Solution206.h">
      <Filter>Header Files</Filter>
    </ClInclude>
    <ClInclude Include="Solution24.h">
      <Filter>Header Files</Filter>
    </ClInclude>
    <ClInclude Include="Solution19.h">
      <Filter>Header Files</Filter>
    </ClInclude>
    <ClInclude Include="Solution160.h">
      <Filter>Header Files</Filter>
    </ClInclude>
    <ClInclude Include="Solution142.h">
      <Filter>Header Files</Filter>
    </ClInclude>
    <ClInclude Include="Solution242.h">
      <Filter>Header Files</Filter>
    </ClInclude>
    <ClInclude Include="Solution349.h">
      <Filter>Header Files</Filter>
    </ClInclude>
    <ClInclude Include="Solution202.h">
      <Filter>Header Files</Filter>
    </ClInclude>
    <ClInclude Include="Solution1.h">
      <Filter>Header Files</Filter>
    </ClInclude>
    <ClInclude Include="Solution454.h">
      <Filter>Header Files</Filter>
    </ClInclude>
    <ClInclude Include="Solution383.h">
      <Filter>Header Files</Filter>
    </ClInclude>
    <ClInclude Include="Solution15.h">
      <Filter>Header Files</Filter>
    </ClInclude>
    <ClInclude Include="Solution18.h">
      <Filter>Header Files</Filter>
    </ClInclude>
    <ClInclude Include="Solution541.h">
      <Filter>Header Files</Filter>
    </ClInclude>
    <ClInclude Include="Solution151.h">
      <Filter>Header Files</Filter>
    </ClInclude>
    <ClInclude Include="Solution28.h">
      <Filter>Header Files</Filter>
    </ClInclude>
    <ClInclude Include="Solution459.h">
      <Filter>Header Files</Filter>
    </ClInclude>
    <ClInclude Include="Solution232.h">
      <Filter>Header Files</Filter>
    </ClInclude>
    <ClInclude Include="Solution225.h">
      <Filter>Header Files</Filter>
    </ClInclude>
    <ClInclude Include="Solution20.h">
      <Filter>Header Files</Filter>
    </ClInclude>
    <ClInclude Include="Solution1047.h">
      <Filter>Header Files</Filter>
    </ClInclude>
    <ClInclude Include="Solution150.h">
      <Filter>Header Files</Filter>
    </ClInclude>
    <ClInclude Include="Solution239.h">
      <Filter>Header Files</Filter>
    </ClInclude>
    <ClInclude Include="Solution347.h">
      <Filter>Header Files</Filter>
    </ClInclude>
    <ClInclude Include="Solution102.h">
      <Filter>Header Files</Filter>
    </ClInclude>
    <ClInclude Include="Solution107.h">
      <Filter>Header Files</Filter>
    </ClInclude>
    <ClInclude Include="Solution199.h">
      <Filter>Header Files</Filter>
    </ClInclude>
    <ClInclude Include="Solution637.h">
      <Filter>Header Files</Filter>
    </ClInclude>
    <ClInclude Include="Solution429.h">
      <Filter>Header Files</Filter>
    </ClInclude>
    <ClInclude Include="Solution515.h">
      <Filter>Header Files</Filter>
    </ClInclude>
    <ClInclude Include="Solution116.h">
      <Filter>Header Files</Filter>
    </ClInclude>
    <ClInclude Include="Solution104.h">
      <Filter>Header Files</Filter>
    </ClInclude>
    <ClInclude Include="Solution111.h">
      <Filter>Header Files</Filter>
    </ClInclude>
    <ClInclude Include="Solution226.h">
      <Filter>Header Files</Filter>
    </ClInclude>
    <ClInclude Include="Solution101.h">
      <Filter>Header Files</Filter>
    </ClInclude>
    <ClInclude Include="Solution222.h">
      <Filter>Header Files</Filter>
    </ClInclude>
    <ClInclude Include="Solution110.h">
      <Filter>Header Files</Filter>
    </ClInclude>
    <ClInclude Include="Solution257.h">
      <Filter>Header Files</Filter>
    </ClInclude>
    <ClInclude Include="Solution404.h">
      <Filter>Header Files</Filter>
    </ClInclude>
    <ClInclude Include="Solution513.h">
      <Filter>Header Files</Filter>
    </ClInclude>
    <ClInclude Include="Solution112.h">
      <Filter>Header Files</Filter>
    </ClInclude>
    <ClInclude Include="Solution106.h">
      <Filter>Header Files</Filter>
    </ClInclude>
    <ClInclude Include="Solution105.h">
      <Filter>Header Files</Filter>
    </ClInclude>
    <ClInclude Include="Solution654.h">
      <Filter>Header Files</Filter>
    </ClInclude>
    <ClInclude Include="Solution617.h">
      <Filter>Header Files</Filter>
    </ClInclude>
    <ClInclude Include="Solution700.h">
      <Filter>Header Files</Filter>
    </ClInclude>
    <ClInclude Include="Solution98.h">
      <Filter>Header Files</Filter>
    </ClInclude>
    <ClInclude Include="Solution530.h">
      <Filter>Header Files</Filter>
    </ClInclude>
    <ClInclude Include="Solution77.h">
      <Filter>Header Files</Filter>
    </ClInclude>
    <ClInclude Include="Solution216.h">
      <Filter>Header Files</Filter>
    </ClInclude>
    <ClInclude Include="Solution17.h">
      <Filter>Header Files</Filter>
    </ClInclude>
    <ClInclude Include="Solution39.h">
      <Filter>Header Files</Filter>
    </ClInclude>
    <ClInclude Include="Solution40.h">
      <Filter>Header Files</Filter>
    </ClInclude>
    <ClInclude Include="Solution131.h">
      <Filter>Header Files</Filter>
    </ClInclude>
    <ClInclude Include="Solution93.h">
      <Filter>Header Files</Filter>
    </ClInclude>
    <ClInclude Include="Solution78.h">
      <Filter>Header Files</Filter>
    </ClInclude>
    <ClInclude Include="Solution90.h">
      <Filter>Header Files</Filter>
    </ClInclude>
    <ClInclude Include="Solution46.h">
      <Filter>Header Files</Filter>
    </ClInclude>
    <ClInclude Include="Solution47.h">
      <Filter>Header Files</Filter>
    </ClInclude>
    <ClInclude Include="Solution332.h">
      <Filter>Header Files</Filter>
    </ClInclude>
    <ClInclude Include="Solution51.h">
      <Filter>Header Files</Filter>
    </ClInclude>
    <ClInclude Include="Solution37.h">
      <Filter>Header Files</Filter>
    </ClInclude>
    <ClInclude Include="Solution455.h">
      <Filter>Header Files</Filter>
    </ClInclude>
    <ClInclude Include="Solution376.h">
      <Filter>Header Files</Filter>
    </ClInclude>
    <ClInclude Include="Solution53.h">
      <Filter>Header Files</Filter>
    </ClInclude>
    <ClInclude Include="Solution55.h">
      <Filter>Header Files</Filter>
    </ClInclude>
    <ClInclude Include="Solution45.h">
      <Filter>Header Files</Filter>
    </ClInclude>
    <ClInclude Include="Solution1005.h">
      <Filter>Header Files</Filter>
    </ClInclude>
    <ClInclude Include="Solution134.h">
      <Filter>Header Files</Filter>
    </ClInclude>
    <ClInclude Include="Solution860.h">
      <Filter>Header Files</Filter>
    </ClInclude>
    <ClInclude Include="Solution406.h">
      <Filter>Header Files</Filter>
    </ClInclude>
    <ClInclude Include="Solution452.h">
      <Filter>Header Files</Filter>
    </ClInclude>
    <ClInclude Include="Solution435.h">
      <Filter>Header Files</Filter>
    </ClInclude>
    <ClInclude Include="Solution763.h">
      <Filter>Header Files</Filter>
    </ClInclude>
    <ClInclude Include="Solution56.h">
      <Filter>Header Files</Filter>
    </ClInclude>
    <ClInclude Include="Solution738.h">
      <Filter>Header Files</Filter>
    </ClInclude>
    <ClInclude Include="Solution968.h">
      <Filter>Header Files</Filter>
    </ClInclude>
    <ClInclude Include="Solution746.h">
      <Filter>Header Files</Filter>
    </ClInclude>
    <ClInclude Include="Solution62.h">
      <Filter>Header Files</Filter>
    </ClInclude>
    <ClInclude Include="Solution63.h">
      <Filter>Header Files</Filter>
    </ClInclude>
    <ClInclude Include="Solution343.h">
      <Filter>Header Files</Filter>
    </ClInclude>
    <ClInclude Include="Solution96.h">
      <Filter>Header Files</Filter>
    </ClInclude>
    <ClInclude Include="Solution416.h">
      <Filter>Header Files</Filter>
    </ClInclude>
    <ClInclude Include="Solution1049.h">
      <Filter>Header Files</Filter>
    </ClInclude>
    <ClInclude Include="Solution494.h">
      <Filter>Header Files</Filter>
    </ClInclude>
    <ClInclude Include="Solution474.h">
      <Filter>Header Files</Filter>
    </ClInclude>
    <ClInclude Include="Solution518.h">
      <Filter>Header Files</Filter>
    </ClInclude>
    <ClInclude Include="Solution377.h">
      <Filter>Header Files</Filter>
    </ClInclude>
    <ClInclude Include="Solution322.h">
      <Filter>Header Files</Filter>
    </ClInclude>
    <ClInclude Include="Solution279.h">
      <Filter>Header Files</Filter>
    </ClInclude>
    <ClInclude Include="Solution139.h">
      <Filter>Header Files</Filter>
    </ClInclude>
    <ClInclude Include="Solution198.h">
      <Filter>Header Files</Filter>
    </ClInclude>
    <ClInclude Include="Solution213.h">
      <Filter>Header Files</Filter>
    </ClInclude>
    <ClInclude Include="Solution337.h">
      <Filter>Header Files</Filter>
    </ClInclude>
    <ClInclude Include="Solution121.h">
      <Filter>Header Files</Filter>
    </ClInclude>
    <ClInclude Include="Solution122.h">
      <Filter>Header Files</Filter>
    </ClInclude>
    <ClInclude Include="Solution123.h">
      <Filter>Header Files</Filter>
    </ClInclude>
    <ClInclude Include="Solution309.h">
      <Filter>Header Files</Filter>
    </ClInclude>
    <ClInclude Include="Solution714.h">
      <Filter>Header Files</Filter>
    </ClInclude>
    <ClInclude Include="Solution300.h">
      <Filter>Header Files</Filter>
    </ClInclude>
    <ClInclude Include="Solution673.h">
      <Filter>Header Files</Filter>
    </ClInclude>
    <ClInclude Include="Solution718.h">
      <Filter>Header Files</Filter>
    </ClInclude>
    <ClInclude Include="Solution1143.h">
      <Filter>Header Files</Filter>
    </ClInclude>
    <ClInclude Include="Solution1035.h">
      <Filter>Header Files</Filter>
    </ClInclude>
    <ClInclude Include="Solution392.h">
      <Filter>Header Files</Filter>
    </ClInclude>
    <ClInclude Include="Solution115.h">
      <Filter>Header Files</Filter>
    </ClInclude>
    <ClInclude Include="Solution583.h">
      <Filter>Header Files</Filter>
    </ClInclude>
    <ClInclude Include="Solution72.h">
      <Filter>Header Files</Filter>
    </ClInclude>
    <ClInclude Include="Solution647.h">
      <Filter>Header Files</Filter>
    </ClInclude>
    <ClInclude Include="Solution516.h">
      <Filter>Header Files</Filter>
    </ClInclude>
    <ClInclude Include="Solution739.h">
      <Filter>Header Files</Filter>
    </ClInclude>
    <ClInclude Include="Solution503.h">
      <Filter>Header Files</Filter>
    </ClInclude>
    <ClInclude Include="Solution42.h">
      <Filter>Header Files</Filter>
    </ClInclude>
    <ClInclude Include="Solution407.h">
      <Filter>Header Files</Filter>
    </ClInclude>
  </ItemGroup>
</Project>